
Microsoft Visual Studio Solution File, Format Version 12.00
# Visual Studio Version 16
VisualStudioVersion = 16.0.30717.126
MinimumVisualStudioVersion = 10.0.40219.1
Project("{FAE04EC0-301F-11D3-BF4B-00C04F79EFBC}") = "BasicClassConcepts", "BasicClassConcepts\BasicClassConcepts.csproj", "{46DE59AC-88EF-4747-952C-FCD361DF927A}"
EndProject
Project("{FAE04EC0-301F-11D3-BF4B-00C04F79EFBC}") = "FirstDay", "FirstDay\FirstDay.csproj", "{6E84A4A1-2A55-41DA-AE2D-7D0B85231579}"
EndProject
Global
	GlobalSection(SolutionConfigurationPlatforms) = preSolution
		Debug|Any CPU = Debug|Any CPU
		Release|Any CPU = Release|Any CPU
	EndGlobalSection
	GlobalSection(ProjectConfigurationPlatforms) = postSolution
		{46DE59AC-88EF-4747-952C-FCD361DF927A}.Debug|Any CPU.ActiveCfg = Debug|Any CPU
		{46DE59AC-88EF-4747-952C-FCD361DF927A}.Debug|Any CPU.Build.0 = Debug|Any CPU
		{46DE59AC-88EF-4747-952C-FCD361DF927A}.Release|Any CPU.ActiveCfg = Release|Any CPU
		{46DE59AC-88EF-4747-952C-FCD361DF927A}.Release|Any CPU.Build.0 = Release|Any CPU
		{6E84A4A1-2A55-41DA-AE2D-7D0B85231579}.Debug|Any CPU.ActiveCfg = Debug|Any CPU
		{6E84A4A1-2A55-41DA-AE2D-7D0B85231579}.Debug|Any CPU.Build.0 = Debug|Any CPU
		{6E84A4A1-2A55-41DA-AE2D-7D0B85231579}.Release|Any CPU.ActiveCfg = Release|Any CPU
		{6E84A4A1-2A55-41DA-AE2D-7D0B85231579}.Release|Any CPU.Build.0 = Release|Any CPU
	EndGlobalSection
	GlobalSection(SolutionProperties) = preSolution
		HideSolutionNode = FALSE
	EndGlobalSection
	GlobalSection(ExtensibilityGlobals) = postSolution
		SolutionGuid = {334421D1-7503-44E8-BBB9-1DBDBEE41DD5}
	EndGlobalSection
EndGlobal
