
Microsoft Visual Studio Solution File, Format Version 12.00
# Visual Studio Version 16
VisualStudioVersion = 16.0.30717.126
MinimumVisualStudioVersion = 10.0.40219.1
Project("{FAE04EC0-301F-11D3-BF4B-00C04F79EFBC}") = "InheritanceEx", "InheritanceEx\InheritanceEx.csproj", "{F13D97EF-DC12-43E6-98A7-DAA529C727FB}"
EndProject
Project("{FAE04EC0-301F-11D3-BF4B-00C04F79EFBC}") = "Interfaces", "Interfaces\Interfaces.csproj", "{46B3C8C4-5275-43CD-8E94-E92D9686B364}"
EndProject
Project("{FAE04EC0-301F-11D3-BF4B-00C04F79EFBC}") = "Polymorphism", "Polymorphism\Polymorphism.csproj", "{754EF044-66FF-46D5-BF8B-7B7E7A1E8BE6}"
EndProject
Project("{FAE04EC0-301F-11D3-BF4B-00C04F79EFBC}") = "Assignment02", "Assignment02\Assignment02.csproj", "{EAA30998-99C3-4768-BA3F-4B8669AD7C3B}"
EndProject
Global
	GlobalSection(SolutionConfigurationPlatforms) = preSolution
		Debug|Any CPU = Debug|Any CPU
		Release|Any CPU = Release|Any CPU
	EndGlobalSection
	GlobalSection(ProjectConfigurationPlatforms) = postSolution
		{F13D97EF-DC12-43E6-98A7-DAA529C727FB}.Debug|Any CPU.ActiveCfg = Debug|Any CPU
		{F13D97EF-DC12-43E6-98A7-DAA529C727FB}.Debug|Any CPU.Build.0 = Debug|Any CPU
		{F13D97EF-DC12-43E6-98A7-DAA529C727FB}.Release|Any CPU.ActiveCfg = Release|Any CPU
		{F13D97EF-DC12-43E6-98A7-DAA529C727FB}.Release|Any CPU.Build.0 = Release|Any CPU
		{46B3C8C4-5275-43CD-8E94-E92D9686B364}.Debug|Any CPU.ActiveCfg = Debug|Any CPU
		{46B3C8C4-5275-43CD-8E94-E92D9686B364}.Debug|Any CPU.Build.0 = Debug|Any CPU
		{46B3C8C4-5275-43CD-8E94-E92D9686B364}.Release|Any CPU.ActiveCfg = Release|Any CPU
		{46B3C8C4-5275-43CD-8E94-E92D9686B364}.Release|Any CPU.Build.0 = Release|Any CPU
		{754EF044-66FF-46D5-BF8B-7B7E7A1E8BE6}.Debug|Any CPU.ActiveCfg = Debug|Any CPU
		{754EF044-66FF-46D5-BF8B-7B7E7A1E8BE6}.Debug|Any CPU.Build.0 = Debug|Any CPU
		{754EF044-66FF-46D5-BF8B-7B7E7A1E8BE6}.Release|Any CPU.ActiveCfg = Release|Any CPU
		{754EF044-66FF-46D5-BF8B-7B7E7A1E8BE6}.Release|Any CPU.Build.0 = Release|Any CPU
		{EAA30998-99C3-4768-BA3F-4B8669AD7C3B}.Debug|Any CPU.ActiveCfg = Debug|Any CPU
		{EAA30998-99C3-4768-BA3F-4B8669AD7C3B}.Debug|Any CPU.Build.0 = Debug|Any CPU
		{EAA30998-99C3-4768-BA3F-4B8669AD7C3B}.Release|Any CPU.ActiveCfg = Release|Any CPU
		{EAA30998-99C3-4768-BA3F-4B8669AD7C3B}.Release|Any CPU.Build.0 = Release|Any CPU
	EndGlobalSection
	GlobalSection(SolutionProperties) = preSolution
		HideSolutionNode = FALSE
	EndGlobalSection
	GlobalSection(ExtensibilityGlobals) = postSolution
		SolutionGuid = {9826E54A-657D-471F-89B1-E3A7F973D2AB}
	EndGlobalSection
EndGlobal
