
Microsoft Visual Studio Solution File, Format Version 12.00
# Visual Studio Version 16
VisualStudioVersion = 16.0.30717.126
MinimumVisualStudioVersion = 10.0.40219.1
Project("{FAE04EC0-301F-11D3-BF4B-00C04F79EFBC}") = "FileHandlingEX", "FileHandlingEX\FileHandlingEX.csproj", "{57D26BF6-C6E7-4F70-A509-FB44F4545DAA}"
EndProject
Project("{FAE04EC0-301F-11D3-BF4B-00C04F79EFBC}") = "OperatorOverlading", "OperatorOverlading\OperatorOverlading.csproj", "{F32A0600-1941-4F24-ACCF-213A9E036638}"
EndProject
Project("{FAE04EC0-301F-11D3-BF4B-00C04F79EFBC}") = "ReflectionEx", "ReflectionEx\ReflectionEx.csproj", "{4108EF37-09AE-4A5E-9D4C-ED8991079A01}"
EndProject
Global
	GlobalSection(SolutionConfigurationPlatforms) = preSolution
		Debug|Any CPU = Debug|Any CPU
		Release|Any CPU = Release|Any CPU
	EndGlobalSection
	GlobalSection(ProjectConfigurationPlatforms) = postSolution
		{57D26BF6-C6E7-4F70-A509-FB44F4545DAA}.Debug|Any CPU.ActiveCfg = Debug|Any CPU
		{57D26BF6-C6E7-4F70-A509-FB44F4545DAA}.Debug|Any CPU.Build.0 = Debug|Any CPU
		{57D26BF6-C6E7-4F70-A509-FB44F4545DAA}.Release|Any CPU.ActiveCfg = Release|Any CPU
		{57D26BF6-C6E7-4F70-A509-FB44F4545DAA}.Release|Any CPU.Build.0 = Release|Any CPU
		{F32A0600-1941-4F24-ACCF-213A9E036638}.Debug|Any CPU.ActiveCfg = Debug|Any CPU
		{F32A0600-1941-4F24-ACCF-213A9E036638}.Debug|Any CPU.Build.0 = Debug|Any CPU
		{F32A0600-1941-4F24-ACCF-213A9E036638}.Release|Any CPU.ActiveCfg = Release|Any CPU
		{F32A0600-1941-4F24-ACCF-213A9E036638}.Release|Any CPU.Build.0 = Release|Any CPU
		{4108EF37-09AE-4A5E-9D4C-ED8991079A01}.Debug|Any CPU.ActiveCfg = Debug|Any CPU
		{4108EF37-09AE-4A5E-9D4C-ED8991079A01}.Debug|Any CPU.Build.0 = Debug|Any CPU
		{4108EF37-09AE-4A5E-9D4C-ED8991079A01}.Release|Any CPU.ActiveCfg = Release|Any CPU
		{4108EF37-09AE-4A5E-9D4C-ED8991079A01}.Release|Any CPU.Build.0 = Release|Any CPU
	EndGlobalSection
	GlobalSection(SolutionProperties) = preSolution
		HideSolutionNode = FALSE
	EndGlobalSection
	GlobalSection(ExtensibilityGlobals) = postSolution
		SolutionGuid = {8FA2607F-50FA-4617-9873-4BDF772F9464}
	EndGlobalSection
EndGlobal
