
Microsoft Visual Studio Solution File, Format Version 12.00
# Visual Studio Version 16
VisualStudioVersion = 16.0.30717.126
MinimumVisualStudioVersion = 10.0.40219.1
Project("{FAE04EC0-301F-11D3-BF4B-00C04F79EFBC}") = "DataBaseEX", "DataBaseEX\DataBaseEX.csproj", "{98BD0175-169A-479A-9D63-C9D99B7DBFA8}"
EndProject
Project("{FAE04EC0-301F-11D3-BF4B-00C04F79EFBC}") = "DatabaseExample", "DatabaseExample\DatabaseExample.csproj", "{5A0A2F8D-EB15-4FF0-BE14-C1E686FA88A6}"
EndProject
Global
	GlobalSection(SolutionConfigurationPlatforms) = preSolution
		Debug|Any CPU = Debug|Any CPU
		Release|Any CPU = Release|Any CPU
	EndGlobalSection
	GlobalSection(ProjectConfigurationPlatforms) = postSolution
		{98BD0175-169A-479A-9D63-C9D99B7DBFA8}.Debug|Any CPU.ActiveCfg = Debug|Any CPU
		{98BD0175-169A-479A-9D63-C9D99B7DBFA8}.Debug|Any CPU.Build.0 = Debug|Any CPU
		{98BD0175-169A-479A-9D63-C9D99B7DBFA8}.Release|Any CPU.ActiveCfg = Release|Any CPU
		{98BD0175-169A-479A-9D63-C9D99B7DBFA8}.Release|Any CPU.Build.0 = Release|Any CPU
		{5A0A2F8D-EB15-4FF0-BE14-C1E686FA88A6}.Debug|Any CPU.ActiveCfg = Debug|Any CPU
		{5A0A2F8D-EB15-4FF0-BE14-C1E686FA88A6}.Debug|Any CPU.Build.0 = Debug|Any CPU
		{5A0A2F8D-EB15-4FF0-BE14-C1E686FA88A6}.Release|Any CPU.ActiveCfg = Release|Any CPU
		{5A0A2F8D-EB15-4FF0-BE14-C1E686FA88A6}.Release|Any CPU.Build.0 = Release|Any CPU
	EndGlobalSection
	GlobalSection(SolutionProperties) = preSolution
		HideSolutionNode = FALSE
	EndGlobalSection
	GlobalSection(ExtensibilityGlobals) = postSolution
		SolutionGuid = {A754AAC4-7C8E-4C32-BEBE-A227BD00AE4B}
	EndGlobalSection
EndGlobal
